// !$*UTF8*$!
{
	archiveVersion = 1;
	classes = {
	};
	objectVersion = 77;
	objects = {

/* Begin PBXBuildFile section */
		2DA2901F2E2B9B2800263BCA /* vocabDict Extension.appex in Embed Foundation Extensions */ = {isa = PBXBuildFile; fileRef = 2DA2901E2E2B9B2800263BCA /* vocabDict Extension.appex */; settings = {ATTRIBUTES = (RemoveHeadersOnCopy, ); }; };
		2DA290292E2B9B2900263BCA /* vocabDict Extension.appex in Embed Foundation Extensions */ = {isa = PBXBuildFile; fileRef = 2DA290282E2B9B2900263BCA /* vocabDict Extension.appex */; settings = {ATTRIBUTES = (RemoveHeadersOnCopy, ); }; };
/* End PBXBuildFile section */

/* Begin PBXContainerItemProxy section */
		2DA290202E2B9B2800263BCA /* PBXContainerItemProxy */ = {
			isa = PBXContainerItemProxy;
			containerPortal = 2DA28FE42E2B9B2700263BCA /* Project object */;
			proxyType = 1;
			remoteGlobalIDString = 2DA2901D2E2B9B2800263BCA;
			remoteInfo = "vocabDict Extension (iOS)";
		};
		2DA2902A2E2B9B2900263BCA /* PBXContainerItemProxy */ = {
			isa = PBXContainerItemProxy;
			containerPortal = 2DA28FE42E2B9B2700263BCA /* Project object */;
			proxyType = 1;
			remoteGlobalIDString = 2DA290272E2B9B2900263BCA;
			remoteInfo = "vocabDict Extension (macOS)";
		};
/* End PBXContainerItemProxy section */

/* Begin PBXCopyFilesBuildPhase section */
		2DA290522E2B9B2900263BCA /* Embed Foundation Extensions */ = {
			isa = PBXCopyFilesBuildPhase;
			buildActionMask = 2147483647;
			dstPath = "";
			dstSubfolderSpec = 13;
			files = (
				2DA2901F2E2B9B2800263BCA /* vocabDict Extension.appex in Embed Foundation Extensions */,
			);
			name = "Embed Foundation Extensions";
			runOnlyForDeploymentPostprocessing = 0;
		};
		2DA2905C2E2B9B2900263BCA /* Embed Foundation Extensions */ = {
			isa = PBXCopyFilesBuildPhase;
			buildActionMask = 2147483647;
			dstPath = "";
			dstSubfolderSpec = 13;
			files = (
				2DA290292E2B9B2900263BCA /* vocabDict Extension.appex in Embed Foundation Extensions */,
			);
			name = "Embed Foundation Extensions";
			runOnlyForDeploymentPostprocessing = 0;
		};
/* End PBXCopyFilesBuildPhase section */

/* Begin PBXFileReference section */
		2DA290002E2B9B2800263BCA /* vocabDict.app */ = {isa = PBXFileReference; explicitFileType = wrapper.application; includeInIndex = 0; path = vocabDict.app; sourceTree = BUILT_PRODUCTS_DIR; };
		2DA290122E2B9B2800263BCA /* vocabDict.app */ = {isa = PBXFileReference; explicitFileType = wrapper.application; includeInIndex = 0; path = vocabDict.app; sourceTree = BUILT_PRODUCTS_DIR; };
		2DA2901E2E2B9B2800263BCA /* vocabDict Extension.appex */ = {isa = PBXFileReference; explicitFileType = "wrapper.app-extension"; includeInIndex = 0; path = "vocabDict Extension.appex"; sourceTree = BUILT_PRODUCTS_DIR; };
		2DA290282E2B9B2900263BCA /* vocabDict Extension.appex */ = {isa = PBXFileReference; explicitFileType = "wrapper.app-extension"; includeInIndex = 0; path = "vocabDict Extension.appex"; sourceTree = BUILT_PRODUCTS_DIR; };
		2DAE97F12E56B309004BFC68 /* vocabDict Extension (iOS).entitlements */ = {isa = PBXFileReference; lastKnownFileType = text.plist.entitlements; path = "vocabDict Extension (iOS).entitlements"; sourceTree = "<group>"; };
		2DAE98042E56CFEE004BFC68 /* vocabDict (iOS).entitlements */ = {isa = PBXFileReference; lastKnownFileType = text.plist.entitlements; path = "vocabDict (iOS).entitlements"; sourceTree = "<group>"; };
/* End PBXFileReference section */

/* Begin PBXFileSystemSynchronizedBuildFileExceptionSet section */
		2DA2904D2E2B9B2900263BCA /* Exceptions for "Shared (App)" folder in "vocabDict (iOS)" target */ = {
			isa = PBXFileSystemSynchronizedBuildFileExceptionSet;
			membershipExceptions = (
				"/Localized: Resources/Main.html",
				Assets.xcassets,
				CloudKitStore.swift,
				Models.swift,
				Resources/Icon.png,
				Resources/Script.js,
				Resources/Style.css,
				ViewController.swift,
			);
			target = 2DA28FFF2E2B9B2800263BCA /* vocabDict (iOS) */;
		};
		2DA290512E2B9B2900263BCA /* Exceptions for "iOS (Extension)" folder in "vocabDict Extension (iOS)" target */ = {
			isa = PBXFileSystemSynchronizedBuildFileExceptionSet;
			membershipExceptions = (
				Info.plist,
			);
			target = 2DA2901D2E2B9B2800263BCA /* vocabDict Extension (iOS) */;
		};
		2DA290562E2B9B2900263BCA /* Exceptions for "iOS (App)" folder in "vocabDict (iOS)" target */ = {
			isa = PBXFileSystemSynchronizedBuildFileExceptionSet;
			membershipExceptions = (
				Info.plist,
			);
			target = 2DA28FFF2E2B9B2800263BCA /* vocabDict (iOS) */;
		};
		2DA290572E2B9B2900263BCA /* Exceptions for "Shared (App)" folder in "vocabDict (macOS)" target */ = {
			isa = PBXFileSystemSynchronizedBuildFileExceptionSet;
			membershipExceptions = (
				"/Localized: Resources/Main.html",
				Assets.xcassets,
				CloudKitStore.swift,
				Models.swift,
				Resources/Icon.png,
				Resources/Script.js,
				Resources/Style.css,
				ViewController.swift,
			);
			target = 2DA290112E2B9B2800263BCA /* vocabDict (macOS) */;
		};
		2DA2905B2E2B9B2900263BCA /* Exceptions for "macOS (Extension)" folder in "vocabDict Extension (macOS)" target */ = {
			isa = PBXFileSystemSynchronizedBuildFileExceptionSet;
			membershipExceptions = (
				Info.plist,
			);
			target = 2DA290272E2B9B2900263BCA /* vocabDict Extension (macOS) */;
		};
		2DA290602E2B9B2900263BCA /* Exceptions for "Shared (Extension)" folder in "vocabDict Extension (iOS)" target */ = {
			isa = PBXFileSystemSynchronizedBuildFileExceptionSet;
			membershipExceptions = (
				Resources/_locales,
				Resources/background.js,
				Resources/content.css,
				Resources/content.js,
				Resources/data/dictionary.json,
				Resources/images,
				Resources/manifest.json,
				Resources/popup.css,
				Resources/popup.html,
				Resources/popup.js,
				SafariWebExtensionHandler.swift,
			);
			target = 2DA2901D2E2B9B2800263BCA /* vocabDict Extension (iOS) */;
		};
		2DA290612E2B9B2900263BCA /* Exceptions for "Shared (Extension)" folder in "vocabDict Extension (macOS)" target */ = {
			isa = PBXFileSystemSynchronizedBuildFileExceptionSet;
			membershipExceptions = (
				Resources/_locales,
				Resources/background.js,
				Resources/content.css,
				Resources/content.js,
				Resources/data/dictionary.json,
				Resources/images,
				Resources/manifest.json,
				Resources/popup.css,
				Resources/popup.html,
				Resources/popup.js,
				SafariWebExtensionHandler.swift,
			);
			target = 2DA290272E2B9B2900263BCA /* vocabDict Extension (macOS) */;
		};
		2DAE98022E56BBFE004BFC68 /* Exceptions for "Shared (App)" folder in "vocabDict Extension (iOS)" target */ = {
			isa = PBXFileSystemSynchronizedBuildFileExceptionSet;
			membershipExceptions = (
				CloudKitStore.swift,
				Models.swift,
			);
			target = 2DA2901D2E2B9B2800263BCA /* vocabDict Extension (iOS) */;
		};
		2DAE98032E56BBFE004BFC68 /* Exceptions for "Shared (App)" folder in "vocabDict Extension (macOS)" target */ = {
			isa = PBXFileSystemSynchronizedBuildFileExceptionSet;
			membershipExceptions = (
				CloudKitStore.swift,
				Models.swift,
			);
			target = 2DA290272E2B9B2900263BCA /* vocabDict Extension (macOS) */;
		};
/* End PBXFileSystemSynchronizedBuildFileExceptionSet section */

/* Begin PBXFileSystemSynchronizedRootGroup section */
		2DA28FE82E2B9B2700263BCA /* Shared (App) */ = {
			isa = PBXFileSystemSynchronizedRootGroup;
			exceptions = (
				2DA2904D2E2B9B2900263BCA /* Exceptions for "Shared (App)" folder in "vocabDict (iOS)" target */,
				2DA290572E2B9B2900263BCA /* Exceptions for "Shared (App)" folder in "vocabDict (macOS)" target */,
				2DAE98022E56BBFE004BFC68 /* Exceptions for "Shared (App)" folder in "vocabDict Extension (iOS)" target */,
				2DAE98032E56BBFE004BFC68 /* Exceptions for "Shared (App)" folder in "vocabDict Extension (macOS)" target */,
			);
			path = "Shared (App)";
			sourceTree = "<group>";
		};
		2DA28FF12E2B9B2800263BCA /* Shared (Extension) */ = {
			isa = PBXFileSystemSynchronizedRootGroup;
			exceptions = (
				2DA290602E2B9B2900263BCA /* Exceptions for "Shared (Extension)" folder in "vocabDict Extension (iOS)" target */,
				2DA290612E2B9B2900263BCA /* Exceptions for "Shared (Extension)" folder in "vocabDict Extension (macOS)" target */,
			);
			explicitFolders = (
				Resources/_locales,
				Resources/images,
			);
			path = "Shared (Extension)";
			sourceTree = "<group>";
		};
		2DA290022E2B9B2800263BCA /* iOS (App) */ = {
			isa = PBXFileSystemSynchronizedRootGroup;
			exceptions = (
				2DA290562E2B9B2900263BCA /* Exceptions for "iOS (App)" folder in "vocabDict (iOS)" target */,
			);
			path = "iOS (App)";
			sourceTree = "<group>";
		};
		2DA290132E2B9B2800263BCA /* macOS (App) */ = {
			isa = PBXFileSystemSynchronizedRootGroup;
			path = "macOS (App)";
			sourceTree = "<group>";
		};
		2DA290222E2B9B2800263BCA /* iOS (Extension) */ = {
			isa = PBXFileSystemSynchronizedRootGroup;
			exceptions = (
				2DA290512E2B9B2900263BCA /* Exceptions for "iOS (Extension)" folder in "vocabDict Extension (iOS)" target */,
			);
			path = "iOS (Extension)";
			sourceTree = "<group>";
		};
		2DA2902C2E2B9B2900263BCA /* macOS (Extension) */ = {
			isa = PBXFileSystemSynchronizedRootGroup;
			exceptions = (
				2DA2905B2E2B9B2900263BCA /* Exceptions for "macOS (Extension)" folder in "vocabDict Extension (macOS)" target */,
			);
			path = "macOS (Extension)";
			sourceTree = "<group>";
		};
/* End PBXFileSystemSynchronizedRootGroup section */

/* Begin PBXFrameworksBuildPhase section */
		2DA28FFD2E2B9B2800263BCA /* Frameworks */ = {
			isa = PBXFrameworksBuildPhase;
			buildActionMask = 2147483647;
			files = (
			);
			runOnlyForDeploymentPostprocessing = 0;
		};
		2DA2900F2E2B9B2800263BCA /* Frameworks */ = {
			isa = PBXFrameworksBuildPhase;
			buildActionMask = 2147483647;
			files = (
			);
			runOnlyForDeploymentPostprocessing = 0;
		};
		2DA2901B2E2B9B2800263BCA /* Frameworks */ = {
			isa = PBXFrameworksBuildPhase;
			buildActionMask = 2147483647;
			files = (
			);
			runOnlyForDeploymentPostprocessing = 0;
		};
		2DA290252E2B9B2900263BCA /* Frameworks */ = {
			isa = PBXFrameworksBuildPhase;
			buildActionMask = 2147483647;
			files = (
			);
			runOnlyForDeploymentPostprocessing = 0;
		};
/* End PBXFrameworksBuildPhase section */

/* Begin PBXGroup section */
		2DA28FE32E2B9B2700263BCA = {
			isa = PBXGroup;
			children = (
				2DAE98042E56CFEE004BFC68 /* vocabDict (iOS).entitlements */,
				2DAE97F12E56B309004BFC68 /* vocabDict Extension (iOS).entitlements */,
				2DA28FE82E2B9B2700263BCA /* Shared (App) */,
				2DA28FF12E2B9B2800263BCA /* Shared (Extension) */,
				2DA290022E2B9B2800263BCA /* iOS (App) */,
				2DA290132E2B9B2800263BCA /* macOS (App) */,
				2DA290222E2B9B2800263BCA /* iOS (Extension) */,
				2DA2902C2E2B9B2900263BCA /* macOS (Extension) */,
				2DA290012E2B9B2800263BCA /* Products */,
			);
			sourceTree = "<group>";
		};
		2DA290012E2B9B2800263BCA /* Products */ = {
			isa = PBXGroup;
			children = (
				2DA290002E2B9B2800263BCA /* vocabDict.app */,
				2DA290122E2B9B2800263BCA /* vocabDict.app */,
				2DA2901E2E2B9B2800263BCA /* vocabDict Extension.appex */,
				2DA290282E2B9B2900263BCA /* vocabDict Extension.appex */,
			);
			name = Products;
			sourceTree = "<group>";
		};
/* End PBXGroup section */

/* Begin PBXNativeTarget section */
		2DA28FFF2E2B9B2800263BCA /* vocabDict (iOS) */ = {
			isa = PBXNativeTarget;
			buildConfigurationList = 2DA290532E2B9B2900263BCA /* Build configuration list for PBXNativeTarget "vocabDict (iOS)" */;
			buildPhases = (
				2DA28FFC2E2B9B2800263BCA /* Sources */,
				2DA28FFD2E2B9B2800263BCA /* Frameworks */,
				2DA28FFE2E2B9B2800263BCA /* Resources */,
				2DA290522E2B9B2900263BCA /* Embed Foundation Extensions */,
			);
			buildRules = (
			);
			dependencies = (
				2DA290212E2B9B2800263BCA /* PBXTargetDependency */,
			);
			fileSystemSynchronizedGroups = (
				2DA290022E2B9B2800263BCA /* iOS (App) */,
			);
			name = "vocabDict (iOS)";
			packageProductDependencies = (
			);
			productName = "vocabDict (iOS)";
			productReference = 2DA290002E2B9B2800263BCA /* vocabDict.app */;
			productType = "com.apple.product-type.application";
		};
		2DA290112E2B9B2800263BCA /* vocabDict (macOS) */ = {
			isa = PBXNativeTarget;
			buildConfigurationList = 2DA2905D2E2B9B2900263BCA /* Build configuration list for PBXNativeTarget "vocabDict (macOS)" */;
			buildPhases = (
				2DA2900E2E2B9B2800263BCA /* Sources */,
				2DA2900F2E2B9B2800263BCA /* Frameworks */,
				2DA290102E2B9B2800263BCA /* Resources */,
				2DA2905C2E2B9B2900263BCA /* Embed Foundation Extensions */,
			);
			buildRules = (
			);
			dependencies = (
				2DA2902B2E2B9B2900263BCA /* PBXTargetDependency */,
			);
			fileSystemSynchronizedGroups = (
				2DA290132E2B9B2800263BCA /* macOS (App) */,
			);
			name = "vocabDict (macOS)";
			packageProductDependencies = (
			);
			productName = "vocabDict (macOS)";
			productReference = 2DA290122E2B9B2800263BCA /* vocabDict.app */;
			productType = "com.apple.product-type.application";
		};
		2DA2901D2E2B9B2800263BCA /* vocabDict Extension (iOS) */ = {
			isa = PBXNativeTarget;
			buildConfigurationList = 2DA2904E2E2B9B2900263BCA /* Build configuration list for PBXNativeTarget "vocabDict Extension (iOS)" */;
			buildPhases = (
				2DA2901A2E2B9B2800263BCA /* Sources */,
				2DA2901B2E2B9B2800263BCA /* Frameworks */,
				2DA2901C2E2B9B2800263BCA /* Resources */,
			);
			buildRules = (
			);
			dependencies = (
			);
			fileSystemSynchronizedGroups = (
				2DA290222E2B9B2800263BCA /* iOS (Extension) */,
			);
			name = "vocabDict Extension (iOS)";
			packageProductDependencies = (
			);
			productName = "vocabDict Extension (iOS)";
			productReference = 2DA2901E2E2B9B2800263BCA /* vocabDict Extension.appex */;
			productType = "com.apple.product-type.app-extension";
		};
		2DA290272E2B9B2900263BCA /* vocabDict Extension (macOS) */ = {
			isa = PBXNativeTarget;
			buildConfigurationList = 2DA290582E2B9B2900263BCA /* Build configuration list for PBXNativeTarget "vocabDict Extension (macOS)" */;
			buildPhases = (
				2DA290242E2B9B2900263BCA /* Sources */,
				2DA290252E2B9B2900263BCA /* Frameworks */,
				2DA290262E2B9B2900263BCA /* Resources */,
			);
			buildRules = (
			);
			dependencies = (
			);
			fileSystemSynchronizedGroups = (
				2DA2902C2E2B9B2900263BCA /* macOS (Extension) */,
			);
			name = "vocabDict Extension (macOS)";
			packageProductDependencies = (
			);
			productName = "vocabDict Extension (macOS)";
			productReference = 2DA290282E2B9B2900263BCA /* vocabDict Extension.appex */;
			productType = "com.apple.product-type.app-extension";
		};
/* End PBXNativeTarget section */

/* Begin PBXProject section */
		2DA28FE42E2B9B2700263BCA /* Project object */ = {
			isa = PBXProject;
			attributes = {
				BuildIndependentTargetsInParallel = 1;
				LastSwiftUpdateCheck = 1630;
				LastUpgradeCheck = 1630;
				TargetAttributes = {
					2DA28FFF2E2B9B2800263BCA = {
						CreatedOnToolsVersion = 16.3;
					};
					2DA290112E2B9B2800263BCA = {
						CreatedOnToolsVersion = 16.3;
					};
					2DA2901D2E2B9B2800263BCA = {
						CreatedOnToolsVersion = 16.3;
					};
					2DA290272E2B9B2900263BCA = {
						CreatedOnToolsVersion = 16.3;
					};
				};
			};
			buildConfigurationList = 2DA28FE72E2B9B2700263BCA /* Build configuration list for PBXProject "vocabDict" */;
			developmentRegion = en;
			hasScannedForEncodings = 0;
			knownRegions = (
				en,
				Base,
			);
			mainGroup = 2DA28FE32E2B9B2700263BCA;
			minimizedProjectReferenceProxies = 1;
			preferredProjectObjectVersion = 77;
			productRefGroup = 2DA290012E2B9B2800263BCA /* Products */;
			projectDirPath = "";
			projectRoot = "";
			targets = (
				2DA28FFF2E2B9B2800263BCA /* vocabDict (iOS) */,
				2DA290112E2B9B2800263BCA /* vocabDict (macOS) */,
				2DA2901D2E2B9B2800263BCA /* vocabDict Extension (iOS) */,
				2DA290272E2B9B2900263BCA /* vocabDict Extension (macOS) */,
			);
		};
/* End PBXProject section */

/* Begin PBXResourcesBuildPhase section */
		2DA28FFE2E2B9B2800263BCA /* Resources */ = {
			isa = PBXResourcesBuildPhase;
			buildActionMask = 2147483647;
			files = (
			);
			runOnlyForDeploymentPostprocessing = 0;
		};
		2DA290102E2B9B2800263BCA /* Resources */ = {
			isa = PBXResourcesBuildPhase;
			buildActionMask = 2147483647;
			files = (
			);
			runOnlyForDeploymentPostprocessing = 0;
		};
		2DA2901C2E2B9B2800263BCA /* Resources */ = {
			isa = PBXResourcesBuildPhase;
			buildActionMask = 2147483647;
			files = (
			);
			runOnlyForDeploymentPostprocessing = 0;
		};
		2DA290262E2B9B2900263BCA /* Resources */ = {
			isa = PBXResourcesBuildPhase;
			buildActionMask = 2147483647;
			files = (
			);
			runOnlyForDeploymentPostprocessing = 0;
		};
/* End PBXResourcesBuildPhase section */

/* Begin PBXSourcesBuildPhase section */
		2DA28FFC2E2B9B2800263BCA /* Sources */ = {
			isa = PBXSourcesBuildPhase;
			buildActionMask = 2147483647;
			files = (
			);
			runOnlyForDeploymentPostprocessing = 0;
		};
		2DA2900E2E2B9B2800263BCA /* Sources */ = {
			isa = PBXSourcesBuildPhase;
			buildActionMask = 2147483647;
			files = (
			);
			runOnlyForDeploymentPostprocessing = 0;
		};
		2DA2901A2E2B9B2800263BCA /* Sources */ = {
			isa = PBXSourcesBuildPhase;
			buildActionMask = 2147483647;
			files = (
			);
			runOnlyForDeploymentPostprocessing = 0;
		};
		2DA290242E2B9B2900263BCA /* Sources */ = {
			isa = PBXSourcesBuildPhase;
			buildActionMask = 2147483647;
			files = (
			);
			runOnlyForDeploymentPostprocessing = 0;
		};
/* End PBXSourcesBuildPhase section */

/* Begin PBXTargetDependency section */
		2DA290212E2B9B2800263BCA /* PBXTargetDependency */ = {
			isa = PBXTargetDependency;
			target = 2DA2901D2E2B9B2800263BCA /* vocabDict Extension (iOS) */;
			targetProxy = 2DA290202E2B9B2800263BCA /* PBXContainerItemProxy */;
		};
		2DA2902B2E2B9B2900263BCA /* PBXTargetDependency */ = {
			isa = PBXTargetDependency;
			target = 2DA290272E2B9B2900263BCA /* vocabDict Extension (macOS) */;
			targetProxy = 2DA2902A2E2B9B2900263BCA /* PBXContainerItemProxy */;
		};
/* End PBXTargetDependency section */

/* Begin XCBuildConfiguration section */
		2DA2904F2E2B9B2900263BCA /* Debug */ = {
			isa = XCBuildConfiguration;
			buildSettings = {
				CODE_SIGN_ENTITLEMENTS = "vocabDict Extension (iOS).entitlements";
				CODE_SIGN_STYLE = Automatic;
				CURRENT_PROJECT_VERSION = 1;
				DEVELOPMENT_TEAM = AG7XP5M288;
				GENERATE_INFOPLIST_FILE = YES;
				INFOPLIST_FILE = "iOS (Extension)/Info.plist";
				INFOPLIST_KEY_CFBundleDisplayName = "vocabDict Extension";
				INFOPLIST_KEY_NSHumanReadableCopyright = "";
				IPHONEOS_DEPLOYMENT_TARGET = 15.0;
				LD_RUNPATH_SEARCH_PATHS = (
					"$(inherited)",
					"@executable_path/Frameworks",
					"@executable_path/../../Frameworks",
				);
				MARKETING_VERSION = 1.0;
				OTHER_LDFLAGS = (
					"-framework",
					SafariServices,
				);
				PRODUCT_BUNDLE_IDENTIFIER = com.ryota.miyoshi.vocabdict.extension;
				PRODUCT_NAME = "vocabDict Extension";
				SDKROOT = iphoneos;
				SKIP_INSTALL = YES;
				SWIFT_EMIT_LOC_STRINGS = YES;
				SWIFT_VERSION = 5.0;
				TARGETED_DEVICE_FAMILY = "1,2";
			};
			name = Debug;
		};
		2DA290502E2B9B2900263BCA /* Release */ = {
			isa = XCBuildConfiguration;
			buildSettings = {
				CODE_SIGN_ENTITLEMENTS = "vocabDict Extension (iOS).entitlements";
				CODE_SIGN_STYLE = Automatic;
				CURRENT_PROJECT_VERSION = 1;
				DEVELOPMENT_TEAM = AG7XP5M288;
				GENERATE_INFOPLIST_FILE = YES;
				INFOPLIST_FILE = "iOS (Extension)/Info.plist";
				INFOPLIST_KEY_CFBundleDisplayName = "vocabDict Extension";
				INFOPLIST_KEY_NSHumanReadableCopyright = "";
				IPHONEOS_DEPLOYMENT_TARGET = 15.0;
				LD_RUNPATH_SEARCH_PATHS = (
					"$(inherited)",
					"@executable_path/Frameworks",
					"@executable_path/../../Frameworks",
				);
				MARKETING_VERSION = 1.0;
				OTHER_LDFLAGS = (
					"-framework",
					SafariServices,
				);
				PRODUCT_BUNDLE_IDENTIFIER = com.ryota.miyoshi.vocabdict.extension;
				PRODUCT_NAME = "vocabDict Extension";
				SDKROOT = iphoneos;
				SKIP_INSTALL = YES;
				SWIFT_EMIT_LOC_STRINGS = YES;
				SWIFT_VERSION = 5.0;
				TARGETED_DEVICE_FAMILY = "1,2";
				VALIDATE_PRODUCT = YES;
			};
			name = Release;
		};
		2DA290542E2B9B2900263BCA /* Debug */ = {
			isa = XCBuildConfiguration;
			buildSettings = {
				ASSETCATALOG_COMPILER_APPICON_NAME = AppIcon;
				ASSETCATALOG_COMPILER_GLOBAL_ACCENT_COLOR_NAME = AccentColor;
				CODE_SIGN_ENTITLEMENTS = "vocabDict (iOS).entitlements";
				CODE_SIGN_STYLE = Automatic;
				CURRENT_PROJECT_VERSION = 1;
				DEVELOPMENT_TEAM = AG7XP5M288;
				GENERATE_INFOPLIST_FILE = YES;
				INFOPLIST_FILE = "iOS (App)/Info.plist";
				INFOPLIST_KEY_CFBundleDisplayName = vocabDict;
				INFOPLIST_KEY_UIApplicationSupportsIndirectInputEvents = YES;
				INFOPLIST_KEY_UILaunchStoryboardName = LaunchScreen;
				INFOPLIST_KEY_UIMainStoryboardFile = Main;
				INFOPLIST_KEY_UISupportedInterfaceOrientations = "UIInterfaceOrientationPortrait UIInterfaceOrientationLandscapeLeft UIInterfaceOrientationLandscapeRight";
				INFOPLIST_KEY_UISupportedInterfaceOrientations_iPad = "UIInterfaceOrientationPortrait UIInterfaceOrientationPortraitUpsideDown UIInterfaceOrientationLandscapeLeft UIInterfaceOrientationLandscapeRight";
				IPHONEOS_DEPLOYMENT_TARGET = 15.0;
				LD_RUNPATH_SEARCH_PATHS = (
					"$(inherited)",
					"@executable_path/Frameworks",
				);
				MARKETING_VERSION = 1.0;
				OTHER_LDFLAGS = (
					"-framework",
					SafariServices,
					"-framework",
					WebKit,
				);
				PRODUCT_BUNDLE_IDENTIFIER = com.ryota.miyoshi.vocabdict;
				PRODUCT_NAME = vocabDict;
				SDKROOT = iphoneos;
				SWIFT_EMIT_LOC_STRINGS = YES;
				SWIFT_VERSION = 5.0;
				TARGETED_DEVICE_FAMILY = "1,2";
			};
			name = Debug;
		};
		2DA290552E2B9B2900263BCA /* Release */ = {
			isa = XCBuildConfiguration;
			buildSettings = {
				ASSETCATALOG_COMPILER_APPICON_NAME = AppIcon;
				ASSETCATALOG_COMPILER_GLOBAL_ACCENT_COLOR_NAME = AccentColor;
				CODE_SIGN_ENTITLEMENTS = "vocabDict (iOS).entitlements";
				CODE_SIGN_STYLE = Automatic;
				CURRENT_PROJECT_VERSION = 1;
				DEVELOPMENT_TEAM = AG7XP5M288;
				GENERATE_INFOPLIST_FILE = YES;
				INFOPLIST_FILE = "iOS (App)/Info.plist";
				INFOPLIST_KEY_CFBundleDisplayName = vocabDict;
				INFOPLIST_KEY_UIApplicationSupportsIndirectInputEvents = YES;
				INFOPLIST_KEY_UILaunchStoryboardName = LaunchScreen;
				INFOPLIST_KEY_UIMainStoryboardFile = Main;
				INFOPLIST_KEY_UISupportedInterfaceOrientations = "UIInterfaceOrientationPortrait UIInterfaceOrientationLandscapeLeft UIInterfaceOrientationLandscapeRight";
				INFOPLIST_KEY_UISupportedInterfaceOrientations_iPad = "UIInterfaceOrientationPortrait UIInterfaceOrientationPortraitUpsideDown UIInterfaceOrientationLandscapeLeft UIInterfaceOrientationLandscapeRight";
				IPHONEOS_DEPLOYMENT_TARGET = 15.0;
				LD_RUNPATH_SEARCH_PATHS = (
					"$(inherited)",
					"@executable_path/Frameworks",
				);
				MARKETING_VERSION = 1.0;
				OTHER_LDFLAGS = (
					"-framework",
					SafariServices,
					"-framework",
					WebKit,
				);
				PRODUCT_BUNDLE_IDENTIFIER = com.ryota.miyoshi.vocabdict;
				PRODUCT_NAME = vocabDict;
				SDKROOT = iphoneos;
				SWIFT_EMIT_LOC_STRINGS = YES;
				SWIFT_VERSION = 5.0;
				TARGETED_DEVICE_FAMILY = "1,2";
				VALIDATE_PRODUCT = YES;
			};
			name = Release;
		};
		2DA290592E2B9B2900263BCA /* Debug */ = {
			isa = XCBuildConfiguration;
			buildSettings = {
				CODE_SIGN_ENTITLEMENTS = "macOS (Extension)/vocabDict.entitlements";
				CODE_SIGN_STYLE = Automatic;
				CURRENT_PROJECT_VERSION = 1;
				DEVELOPMENT_TEAM = AG7XP5M288;
				ENABLE_HARDENED_RUNTIME = YES;
				GENERATE_INFOPLIST_FILE = YES;
				INFOPLIST_FILE = "macOS (Extension)/Info.plist";
				INFOPLIST_KEY_CFBundleDisplayName = "vocabDict Extension";
				INFOPLIST_KEY_NSHumanReadableCopyright = "";
				LD_RUNPATH_SEARCH_PATHS = (
					"$(inherited)",
					"@executable_path/../Frameworks",
					"@executable_path/../../../../Frameworks",
				);
				MACOSX_DEPLOYMENT_TARGET = 14.6;
				MARKETING_VERSION = 1.0;
				OTHER_LDFLAGS = (
					"-framework",
					SafariServices,
				);
				PRODUCT_BUNDLE_IDENTIFIER = com.ryota.miyoshi.vocabdict.extension;
				PRODUCT_NAME = "vocabDict Extension";
				REGISTER_APP_GROUPS = YES;
				SDKROOT = macosx;
				SKIP_INSTALL = YES;
				SWIFT_EMIT_LOC_STRINGS = YES;
				SWIFT_VERSION = 5.0;
			};
			name = Debug;
		};
		2DA2905A2E2B9B2900263BCA /* Release */ = {
			isa = XCBuildConfiguration;
			buildSettings = {
				CODE_SIGN_ENTITLEMENTS = "macOS (Extension)/vocabDict.entitlements";
				CODE_SIGN_STYLE = Automatic;
				CURRENT_PROJECT_VERSION = 1;
				DEVELOPMENT_TEAM = AG7XP5M288;
				ENABLE_HARDENED_RUNTIME = YES;
				GENERATE_INFOPLIST_FILE = YES;
				INFOPLIST_FILE = "macOS (Extension)/Info.plist";
				INFOPLIST_KEY_CFBundleDisplayName = "vocabDict Extension";
				INFOPLIST_KEY_NSHumanReadableCopyright = "";
				LD_RUNPATH_SEARCH_PATHS = (
					"$(inherited)",
					"@executable_path/../Frameworks",
					"@executable_path/../../../../Frameworks",
				);
				MACOSX_DEPLOYMENT_TARGET = 14.6;
				MARKETING_VERSION = 1.0;
				OTHER_LDFLAGS = (
					"-framework",
					SafariServices,
				);
				PRODUCT_BUNDLE_IDENTIFIER = com.ryota.miyoshi.vocabdict.extension;
				PRODUCT_NAME = "vocabDict Extension";
				REGISTER_APP_GROUPS = YES;
				SDKROOT = macosx;
				SKIP_INSTALL = YES;
				SWIFT_EMIT_LOC_STRINGS = YES;
				SWIFT_VERSION = 5.0;
			};
			name = Release;
		};
		2DA2905E2E2B9B2900263BCA /* Debug */ = {
			isa = XCBuildConfiguration;
			buildSettings = {
				ASSETCATALOG_COMPILER_APPICON_NAME = AppIcon;
				ASSETCATALOG_COMPILER_GLOBAL_ACCENT_COLOR_NAME = AccentColor;
				CODE_SIGN_ENTITLEMENTS = "macOS (App)/vocabDict.entitlements";
				CODE_SIGN_STYLE = Automatic;
				CURRENT_PROJECT_VERSION = 1;
				DEVELOPMENT_TEAM = AG7XP5M288;
				ENABLE_HARDENED_RUNTIME = YES;
				GENERATE_INFOPLIST_FILE = YES;
				INFOPLIST_KEY_CFBundleDisplayName = vocabDict;
				INFOPLIST_KEY_NSMainStoryboardFile = Main;
				INFOPLIST_KEY_NSPrincipalClass = NSApplication;
				LD_RUNPATH_SEARCH_PATHS = (
					"$(inherited)",
					"@executable_path/../Frameworks",
				);
				MACOSX_DEPLOYMENT_TARGET = 14.6;
				MARKETING_VERSION = 1.0;
				OTHER_LDFLAGS = (
					"-framework",
					SafariServices,
					"-framework",
					WebKit,
				);
				PRODUCT_BUNDLE_IDENTIFIER = com.ryota.miyoshi.vocabdict;
				PRODUCT_NAME = vocabDict;
				REGISTER_APP_GROUPS = YES;
				SDKROOT = macosx;
				SWIFT_EMIT_LOC_STRINGS = YES;
				SWIFT_VERSION = 5.0;
			};
			name = Debug;
		};
		2DA2905F2E2B9B2900263BCA /* Release */ = {
			isa = XCBuildConfiguration;
			buildSettings = {
				ASSETCATALOG_COMPILER_APPICON_NAME = AppIcon;
				ASSETCATALOG_COMPILER_GLOBAL_ACCENT_COLOR_NAME = AccentColor;
				CODE_SIGN_ENTITLEMENTS = "macOS (App)/vocabDict.entitlements";
				CODE_SIGN_STYLE = Automatic;
				CURRENT_PROJECT_VERSION = 1;
				DEVELOPMENT_TEAM = AG7XP5M288;
				ENABLE_HARDENED_RUNTIME = YES;
				GENERATE_INFOPLIST_FILE = YES;
				INFOPLIST_KEY_CFBundleDisplayName = vocabDict;
				INFOPLIST_KEY_NSMainStoryboardFile = Main;
				INFOPLIST_KEY_NSPrincipalClass = NSApplication;
				LD_RUNPATH_SEARCH_PATHS = (
					"$(inherited)",
					"@executable_path/../Frameworks",
				);
				MACOSX_DEPLOYMENT_TARGET = 14.6;
				MARKETING_VERSION = 1.0;
				OTHER_LDFLAGS = (
					"-framework",
					SafariServices,
					"-framework",
					WebKit,
				);
				PRODUCT_BUNDLE_IDENTIFIER = com.ryota.miyoshi.vocabdict;
				PRODUCT_NAME = vocabDict;
				REGISTER_APP_GROUPS = YES;
				SDKROOT = macosx;
				SWIFT_EMIT_LOC_STRINGS = YES;
				SWIFT_VERSION = 5.0;
			};
			name = Release;
		};
		2DA290622E2B9B2900263BCA /* Debug */ = {
			isa = XCBuildConfiguration;
			buildSettings = {
				ALWAYS_SEARCH_USER_PATHS = NO;
				ASSETCATALOG_COMPILER_GENERATE_SWIFT_ASSET_SYMBOL_EXTENSIONS = YES;
				CLANG_ANALYZER_NONNULL = YES;
				CLANG_ANALYZER_NUMBER_OBJECT_CONVERSION = YES_AGGRESSIVE;
				CLANG_CXX_LANGUAGE_STANDARD = "gnu++20";
				CLANG_ENABLE_MODULES = YES;
				CLANG_ENABLE_OBJC_ARC = YES;
				CLANG_ENABLE_OBJC_WEAK = YES;
				CLANG_WARN_BLOCK_CAPTURE_AUTORELEASING = YES;
				CLANG_WARN_BOOL_CONVERSION = YES;
				CLANG_WARN_COMMA = YES;
				CLANG_WARN_CONSTANT_CONVERSION = YES;
				CLANG_WARN_DEPRECATED_OBJC_IMPLEMENTATIONS = YES;
				CLANG_WARN_DIRECT_OBJC_ISA_USAGE = YES_ERROR;
				CLANG_WARN_DOCUMENTATION_COMMENTS = YES;
				CLANG_WARN_EMPTY_BODY = YES;
				CLANG_WARN_ENUM_CONVERSION = YES;
				CLANG_WARN_INFINITE_RECURSION = YES;
				CLANG_WARN_INT_CONVERSION = YES;
				CLANG_WARN_NON_LITERAL_NULL_CONVERSION = YES;
				CLANG_WARN_OBJC_IMPLICIT_RETAIN_SELF = YES;
				CLANG_WARN_OBJC_LITERAL_CONVERSION = YES;
				CLANG_WARN_OBJC_ROOT_CLASS = YES_ERROR;
				CLANG_WARN_QUOTED_INCLUDE_IN_FRAMEWORK_HEADER = YES;
				CLANG_WARN_RANGE_LOOP_ANALYSIS = YES;
				CLANG_WARN_STRICT_PROTOTYPES = YES;
				CLANG_WARN_SUSPICIOUS_MOVE = YES;
				CLANG_WARN_UNGUARDED_AVAILABILITY = YES_AGGRESSIVE;
				CLANG_WARN_UNREACHABLE_CODE = YES;
				CLANG_WARN__DUPLICATE_METHOD_MATCH = YES;
				COPY_PHASE_STRIP = NO;
				DEBUG_INFORMATION_FORMAT = dwarf;
				ENABLE_STRICT_OBJC_MSGSEND = YES;
				ENABLE_TESTABILITY = YES;
				ENABLE_USER_SCRIPT_SANDBOXING = YES;
				GCC_C_LANGUAGE_STANDARD = gnu17;
				GCC_DYNAMIC_NO_PIC = NO;
				GCC_NO_COMMON_BLOCKS = YES;
				GCC_OPTIMIZATION_LEVEL = 0;
				GCC_PREPROCESSOR_DEFINITIONS = (
					"DEBUG=1",
					"$(inherited)",
				);
				GCC_WARN_64_TO_32_BIT_CONVERSION = YES;
				GCC_WARN_ABOUT_RETURN_TYPE = YES_ERROR;
				GCC_WARN_UNDECLARED_SELECTOR = YES;
				GCC_WARN_UNINITIALIZED_AUTOS = YES_AGGRESSIVE;
				GCC_WARN_UNUSED_FUNCTION = YES;
				GCC_WARN_UNUSED_VARIABLE = YES;
				LOCALIZATION_PREFERS_STRING_CATALOGS = YES;
				MTL_ENABLE_DEBUG_INFO = INCLUDE_SOURCE;
				MTL_FAST_MATH = YES;
				ONLY_ACTIVE_ARCH = YES;
				SWIFT_ACTIVE_COMPILATION_CONDITIONS = "DEBUG $(inherited)";
				SWIFT_OPTIMIZATION_LEVEL = "-Onone";
			};
			name = Debug;
		};
		2DA290632E2B9B2900263BCA /* Release */ = {
			isa = XCBuildConfiguration;
			buildSettings = {
				ALWAYS_SEARCH_USER_PATHS = NO;
				ASSETCATALOG_COMPILER_GENERATE_SWIFT_ASSET_SYMBOL_EXTENSIONS = YES;
				CLANG_ANALYZER_NONNULL = YES;
				CLANG_ANALYZER_NUMBER_OBJECT_CONVERSION = YES_AGGRESSIVE;
				CLANG_CXX_LANGUAGE_STANDARD = "gnu++20";
				CLANG_ENABLE_MODULES = YES;
				CLANG_ENABLE_OBJC_ARC = YES;
				CLANG_ENABLE_OBJC_WEAK = YES;
				CLANG_WARN_BLOCK_CAPTURE_AUTORELEASING = YES;
				CLANG_WARN_BOOL_CONVERSION = YES;
				CLANG_WARN_COMMA = YES;
				CLANG_WARN_CONSTANT_CONVERSION = YES;
				CLANG_WARN_DEPRECATED_OBJC_IMPLEMENTATIONS = YES;
				CLANG_WARN_DIRECT_OBJC_ISA_USAGE = YES_ERROR;
				CLANG_WARN_DOCUMENTATION_COMMENTS = YES;
				CLANG_WARN_EMPTY_BODY = YES;
				CLANG_WARN_ENUM_CONVERSION = YES;
				CLANG_WARN_INFINITE_RECURSION = YES;
				CLANG_WARN_INT_CONVERSION = YES;
				CLANG_WARN_NON_LITERAL_NULL_CONVERSION = YES;
				CLANG_WARN_OBJC_IMPLICIT_RETAIN_SELF = YES;
				CLANG_WARN_OBJC_LITERAL_CONVERSION = YES;
				CLANG_WARN_OBJC_ROOT_CLASS = YES_ERROR;
				CLANG_WARN_QUOTED_INCLUDE_IN_FRAMEWORK_HEADER = YES;
				CLANG_WARN_RANGE_LOOP_ANALYSIS = YES;
				CLANG_WARN_STRICT_PROTOTYPES = YES;
				CLANG_WARN_SUSPICIOUS_MOVE = YES;
				CLANG_WARN_UNGUARDED_AVAILABILITY = YES_AGGRESSIVE;
				CLANG_WARN_UNREACHABLE_CODE = YES;
				CLANG_WARN__DUPLICATE_METHOD_MATCH = YES;
				COPY_PHASE_STRIP = NO;
				DEBUG_INFORMATION_FORMAT = "dwarf-with-dsym";
				ENABLE_NS_ASSERTIONS = NO;
				ENABLE_STRICT_OBJC_MSGSEND = YES;
				ENABLE_USER_SCRIPT_SANDBOXING = YES;
				GCC_C_LANGUAGE_STANDARD = gnu17;
				GCC_NO_COMMON_BLOCKS = YES;
				GCC_WARN_64_TO_32_BIT_CONVERSION = YES;
				GCC_WARN_ABOUT_RETURN_TYPE = YES_ERROR;
				GCC_WARN_UNDECLARED_SELECTOR = YES;
				GCC_WARN_UNINITIALIZED_AUTOS = YES_AGGRESSIVE;
				GCC_WARN_UNUSED_FUNCTION = YES;
				GCC_WARN_UNUSED_VARIABLE = YES;
				LOCALIZATION_PREFERS_STRING_CATALOGS = YES;
				MTL_ENABLE_DEBUG_INFO = NO;
				MTL_FAST_MATH = YES;
				SWIFT_COMPILATION_MODE = wholemodule;
			};
			name = Release;
		};
/* End XCBuildConfiguration section */

/* Begin XCConfigurationList section */
		2DA28FE72E2B9B2700263BCA /* Build configuration list for PBXProject "vocabDict" */ = {
			isa = XCConfigurationList;
			buildConfigurations = (
				2DA290622E2B9B2900263BCA /* Debug */,
				2DA290632E2B9B2900263BCA /* Release */,
			);
			defaultConfigurationIsVisible = 0;
			defaultConfigurationName = Release;
		};
		2DA2904E2E2B9B2900263BCA /* Build configuration list for PBXNativeTarget "vocabDict Extension (iOS)" */ = {
			isa = XCConfigurationList;
			buildConfigurations = (
				2DA2904F2E2B9B2900263BCA /* Debug */,
				2DA290502E2B9B2900263BCA /* Release */,
			);
			defaultConfigurationIsVisible = 0;
			defaultConfigurationName = Release;
		};
		2DA290532E2B9B2900263BCA /* Build configuration list for PBXNativeTarget "vocabDict (iOS)" */ = {
			isa = XCConfigurationList;
			buildConfigurations = (
				2DA290542E2B9B2900263BCA /* Debug */,
				2DA290552E2B9B2900263BCA /* Release */,
			);
			defaultConfigurationIsVisible = 0;
			defaultConfigurationName = Release;
		};
		2DA290582E2B9B2900263BCA /* Build configuration list for PBXNativeTarget "vocabDict Extension (macOS)" */ = {
			isa = XCConfigurationList;
			buildConfigurations = (
				2DA290592E2B9B2900263BCA /* Debug */,
				2DA2905A2E2B9B2900263BCA /* Release */,
			);
			defaultConfigurationIsVisible = 0;
			defaultConfigurationName = Release;
		};
		2DA2905D2E2B9B2900263BCA /* Build configuration list for PBXNativeTarget "vocabDict (macOS)" */ = {
			isa = XCConfigurationList;
			buildConfigurations = (
				2DA2905E2E2B9B2900263BCA /* Debug */,
				2DA2905F2E2B9B2900263BCA /* Release */,
			);
			defaultConfigurationIsVisible = 0;
			defaultConfigurationName = Release;
		};
/* End XCConfigurationList section */
	};
	rootObject = 2DA28FE42E2B9B2700263BCA /* Project object */;
}
